# @generated - this file is auto-generated by `mise lock` https://mise.jdx.dev/dev-tools/mise-lock.html

[[tools.actionlint]]
version = "1.7.12"
backend = "aqua:rhysd/actionlint"

[tools.actionlint."platforms.linux-arm64"]
checksum = "sha256:325e971b6ba9bfa504672e29be93c24981eeb1c07576d730e9f7c8805afff0c6"
url = "https://github.com/rhysd/actionlint/releases/download/v1.7.12/actionlint_1.7.12_linux_arm64.tar.gz"
url_api = "https://api.github.com/repos/rhysd/actionlint/releases/assets/384924897"
provenance = "github-attestations"

[tools.actionlint."platforms.linux-arm64-musl"]
checksum = "sha256:325e971b6ba9bfa504672e29be93c24981eeb1c07576d730e9f7c8805afff0c6"
url = "https://github.com/rhysd/actionlint/releases/download/v1.7.12/actionlint_1.7.12_linux_arm64.tar.gz"
url_api = "https://api.github.com/repos/rhysd/actionlint/releases/assets/384924897"
provenance = "github-attestations"

[tools.actionlint."platforms.linux-x64"]
checksum = "sha256:8aca8db96f1b94770f1b0d72b6dddcb1ebb8123cb3712530b08cc387b349a3d8"
url = "https://github.com/rhysd/actionlint/releases/download/v1.7.12/actionlint_1.7.12_linux_amd64.tar.gz"
url_api = "https://api.github.com/repos/rhysd/actionlint/releases/assets/384924896"
provenance = "github-attestations"

[tools.actionlint."platforms.linux-x64-musl"]
checksum = "sha256:8aca8db96f1b94770f1b0d72b6dddcb1ebb8123cb3712530b08cc387b349a3d8"
url = "https://github.com/rhysd/actionlint/releases/download/v1.7.12/actionlint_1.7.12_linux_amd64.tar.gz"
url_api = "https://api.github.com/repos/rhysd/actionlint/releases/assets/384924896"
provenance = "github-attestations"

[tools.actionlint."platforms.macos-arm64"]
checksum = "sha256:aba9ced2dee8d27fecca3dc7feb1a7f9a52caefa1eb46f3271ea66b6e0e6953f"
url = "https://github.com/rhysd/actionlint/releases/download/v1.7.12/actionlint_1.7.12_darwin_arm64.tar.gz"
url_api = "https://api.github.com/repos/rhysd/actionlint/releases/assets/384924893"
provenance = "github-attestations"

[tools.actionlint."platforms.macos-x64"]
checksum = "sha256:5b44c3bc2255115c9b69e30efc0fecdf498fdb63c5d58e17084fd5f16324c644"
url = "https://github.com/rhysd/actionlint/releases/download/v1.7.12/actionlint_1.7.12_darwin_amd64.tar.gz"
url_api = "https://api.github.com/repos/rhysd/actionlint/releases/assets/384924880"
provenance = "github-attestations"

[tools.actionlint."platforms.windows-x64"]
checksum = "sha256:6e7241b51e6817ea6a047693d8e6fed13b31819c9a0dd6c5a726e1592d22f6e9"
url = "https://github.com/rhysd/actionlint/releases/download/v1.7.12/actionlint_1.7.12_windows_amd64.zip"
url_api = "https://api.github.com/repos/rhysd/actionlint/releases/assets/384924919"
provenance = "github-attestations"

[[tools."aqua:charmbracelet/freeze"]]
version = "0.2.2"
backend = "aqua:charmbracelet/freeze"

[tools."aqua:charmbracelet/freeze"."platforms.linux-arm64"]
checksum = "sha256:ba1164c2e6d573af32df13ddc5868f7cdfc8b9992f26f53695787ca5f4274023"
url = "https://github.com/charmbracelet/freeze/releases/download/v0.2.2/freeze_0.2.2_Linux_arm64.tar.gz"
url_api = "https://api.github.com/repos/charmbracelet/freeze/releases/assets/242747207"

[tools."aqua:charmbracelet/freeze"."platforms.linux-arm64-musl"]
checksum = "sha256:ba1164c2e6d573af32df13ddc5868f7cdfc8b9992f26f53695787ca5f4274023"
url = "https://github.com/charmbracelet/freeze/releases/download/v0.2.2/freeze_0.2.2_Linux_arm64.tar.gz"
url_api = "https://api.github.com/repos/charmbracelet/freeze/releases/assets/242747207"

[tools."aqua:charmbracelet/freeze"."platforms.linux-x64"]
checksum = "sha256:012fdbdd16c0c19570f9052aac34d16d93d7d0d3b565b05374cc59492f53539b"
url = "https://github.com/charmbracelet/freeze/releases/download/v0.2.2/freeze_0.2.2_Linux_x86_64.tar.gz"
url_api = "https://api.github.com/repos/charmbracelet/freeze/releases/assets/242747186"

[tools."aqua:charmbracelet/freeze"."platforms.linux-x64-musl"]
checksum = "sha256:012fdbdd16c0c19570f9052aac34d16d93d7d0d3b565b05374cc59492f53539b"
url = "https://github.com/charmbracelet/freeze/releases/download/v0.2.2/freeze_0.2.2_Linux_x86_64.tar.gz"
url_api = "https://api.github.com/repos/charmbracelet/freeze/releases/assets/242747186"

[tools."aqua:charmbracelet/freeze"."platforms.macos-arm64"]
checksum = "sha256:6936ebad96dda73a6c952d7e945106916c4d4345334828109b4db6ddbb9aabee"
url = "https://github.com/charmbracelet/freeze/releases/download/v0.2.2/freeze_0.2.2_Darwin_arm64.tar.gz"
url_api = "https://api.github.com/repos/charmbracelet/freeze/releases/assets/242747208"

[tools."aqua:charmbracelet/freeze"."platforms.macos-x64"]
checksum = "sha256:7ba01bc3f7f255bee2fe84847e8beeb1caa84914a49f4cf32e0147693d5e385f"
url = "https://github.com/charmbracelet/freeze/releases/download/v0.2.2/freeze_0.2.2_Darwin_x86_64.tar.gz"
url_api = "https://api.github.com/repos/charmbracelet/freeze/releases/assets/242747185"

[tools."aqua:charmbracelet/freeze"."platforms.windows-x64"]
checksum = "sha256:971fc4b83ca797835505929620012db39a9c5aa849dccca369e852575fb1d344"
url = "https://github.com/charmbracelet/freeze/releases/download/v0.2.2/freeze_0.2.2_Windows_x86_64.zip"
url_api = "https://api.github.com/repos/charmbracelet/freeze/releases/assets/242747196"

[[tools."aqua:jqlang/jq"]]
version = "1.8.2"
backend = "aqua:jqlang/jq"

[tools."aqua:jqlang/jq"."platforms.linux-arm64"]
checksum = "sha256:8b85c817833814ddca00a144c33705546355afccf0cf39b188f3cdb48b852309"
url = "https://github.com/jqlang/jq/releases/download/jq-1.8.2/jq-linux-arm64"
url_api = "https://api.github.com/repos/jqlang/jq/releases/assets/453012756"
provenance = "github-attestations"

[tools."aqua:jqlang/jq"."platforms.linux-arm64-musl"]
checksum = "sha256:8b85c817833814ddca00a144c33705546355afccf0cf39b188f3cdb48b852309"
url = "https://github.com/jqlang/jq/releases/download/jq-1.8.2/jq-linux-arm64"
url_api = "https://api.github.com/repos/jqlang/jq/releases/assets/453012756"
provenance = "github-attestations"

[tools."aqua:jqlang/jq"."platforms.linux-x64"]
checksum = "sha256:b1c22172dd303f3be49e935aa56aa48a8b7a46e0bc838b4997d3bb451495870f"
url = "https://github.com/jqlang/jq/releases/download/jq-1.8.2/jq-linux-amd64"
url_api = "https://api.github.com/repos/jqlang/jq/releases/assets/453012752"
provenance = "github-attestations"

[tools."aqua:jqlang/jq"."platforms.linux-x64-musl"]
checksum = "sha256:b1c22172dd303f3be49e935aa56aa48a8b7a46e0bc838b4997d3bb451495870f"
url = "https://github.com/jqlang/jq/releases/download/jq-1.8.2/jq-linux-amd64"
url_api = "https://api.github.com/repos/jqlang/jq/releases/assets/453012752"
provenance = "github-attestations"

[tools."aqua:jqlang/jq"."platforms.macos-arm64"]
checksum = "sha256:2d75340ba57a4b4b4c8708a21c2dc8e958a48aaa8bba13b27f77f6e4c0eca07e"
url = "https://github.com/jqlang/jq/releases/download/jq-1.8.2/jq-macos-arm64"
url_api = "https://api.github.com/repos/jqlang/jq/releases/assets/453012783"
provenance = "github-attestations"

[tools."aqua:jqlang/jq"."platforms.macos-x64"]
checksum = "sha256:e94b266e3c26690550006abe63152b782280f4e14374accdf04cbde844f00bc0"
url = "https://github.com/jqlang/jq/releases/download/jq-1.8.2/jq-macos-amd64"
url_api = "https://api.github.com/repos/jqlang/jq/releases/assets/453012782"
provenance = "github-attestations"

[tools."aqua:jqlang/jq"."platforms.windows-x64"]
checksum = "sha256:a6fc67fedaf9128a3309a1e2ebb8b986aeccf70122ee46d2cb4849e423f0c627"
url = "https://github.com/jqlang/jq/releases/download/jq-1.8.2/jq-windows-amd64.exe"
url_api = "https://api.github.com/repos/jqlang/jq/releases/assets/453012788"
provenance = "github-attestations"

[[tools."aqua:nextest-rs/nextest/cargo-nextest"]]
version = "0.9.140"
backend = "aqua:nextest-rs/nextest/cargo-nextest"

[tools."aqua:nextest-rs/nextest/cargo-nextest"."platforms.linux-arm64"]
checksum = "sha256:8b3f4d4560b6b0f83774fecc6be07e47716dbad0eb0bb6c3890f478f4affe4b6"
url = "https://github.com/nextest-rs/nextest/releases/download/cargo-nextest-0.9.140/cargo-nextest-0.9.140-aarch64-unknown-linux-gnu.tar.gz"
url_api = "https://api.github.com/repos/nextest-rs/nextest/releases/assets/467464894"

[tools."aqua:nextest-rs/nextest/cargo-nextest"."platforms.linux-arm64-musl"]
checksum = "sha256:81fe08bda065ae74fa9092c444d797c31e12c245080bfb9f4dc207e21def4b98"
url = "https://github.com/nextest-rs/nextest/releases/download/cargo-nextest-0.9.140/cargo-nextest-0.9.140-aarch64-unknown-linux-musl.tar.gz"
url_api = "https://api.github.com/repos/nextest-rs/nextest/releases/assets/467465128"

[tools."aqua:nextest-rs/nextest/cargo-nextest"."platforms.linux-x64"]
checksum = "sha256:bc2a998567816eef7b087b920036f49fb89aa2a8a603f6a3d84098be160b62c5"
url = "https://github.com/nextest-rs/nextest/releases/download/cargo-nextest-0.9.140/cargo-nextest-0.9.140-x86_64-unknown-linux-musl.tar.gz"
url_api = "https://api.github.com/repos/nextest-rs/nextest/releases/assets/467467089"

[tools."aqua:nextest-rs/nextest/cargo-nextest"."platforms.linux-x64-musl"]
checksum = "sha256:bc2a998567816eef7b087b920036f49fb89aa2a8a603f6a3d84098be160b62c5"
url = "https://github.com/nextest-rs/nextest/releases/download/cargo-nextest-0.9.140/cargo-nextest-0.9.140-x86_64-unknown-linux-musl.tar.gz"
url_api = "https://api.github.com/repos/nextest-rs/nextest/releases/assets/467467089"

[tools."aqua:nextest-rs/nextest/cargo-nextest"."platforms.macos-arm64"]
checksum = "sha256:58e0a722f9444078fab447783f322acf15a2a771ba785b3fbbe8bacda31c3df9"
url = "https://github.com/nextest-rs/nextest/releases/download/cargo-nextest-0.9.140/cargo-nextest-0.9.140-universal-apple-darwin.tar.gz"
url_api = "https://api.github.com/repos/nextest-rs/nextest/releases/assets/467468113"

[tools."aqua:nextest-rs/nextest/cargo-nextest"."platforms.macos-x64"]
checksum = "sha256:58e0a722f9444078fab447783f322acf15a2a771ba785b3fbbe8bacda31c3df9"
url = "https://github.com/nextest-rs/nextest/releases/download/cargo-nextest-0.9.140/cargo-nextest-0.9.140-universal-apple-darwin.tar.gz"
url_api = "https://api.github.com/repos/nextest-rs/nextest/releases/assets/467468113"

[tools."aqua:nextest-rs/nextest/cargo-nextest"."platforms.windows-x64"]
checksum = "sha256:b75c287b89df1fbfe033a98df058a94cd1f5119dab6ff56e4916e5a1597c7ac9"
url = "https://github.com/nextest-rs/nextest/releases/download/cargo-nextest-0.9.140/cargo-nextest-0.9.140-x86_64-pc-windows-msvc.tar.gz"
url_api = "https://api.github.com/repos/nextest-rs/nextest/releases/assets/467472280"

[[tools."aqua:rustsec/rustsec/cargo-audit"]]
version = "0.22.2"
backend = "aqua:rustsec/rustsec/cargo-audit"

[tools."aqua:rustsec/rustsec/cargo-audit"."platforms.linux-arm64"]
checksum = "sha256:c6603814ddaa45e51263dafd31c0ac98808f688d26f7395804f9670b0fd599dd"
url = "https://github.com/rustsec/rustsec/releases/download/cargo-audit/v0.22.2/cargo-audit-aarch64-unknown-linux-gnu-v0.22.2.tgz"
url_api = "https://api.github.com/repos/rustsec/rustsec/releases/assets/439292355"

[tools."aqua:rustsec/rustsec/cargo-audit"."platforms.linux-x64"]
checksum = "sha256:7fb9497f8594b389e5fce5ef9b92db08432996895b2e0c5a0167a69ed445c428"
url = "https://github.com/rustsec/rustsec/releases/download/cargo-audit/v0.22.2/cargo-audit-x86_64-unknown-linux-musl-v0.22.2.tgz"
url_api = "https://api.github.com/repos/rustsec/rustsec/releases/assets/439292222"

[tools."aqua:rustsec/rustsec/cargo-audit"."platforms.linux-x64-musl"]
checksum = "sha256:7fb9497f8594b389e5fce5ef9b92db08432996895b2e0c5a0167a69ed445c428"
url = "https://github.com/rustsec/rustsec/releases/download/cargo-audit/v0.22.2/cargo-audit-x86_64-unknown-linux-musl-v0.22.2.tgz"
url_api = "https://api.github.com/repos/rustsec/rustsec/releases/assets/439292222"

[tools."aqua:rustsec/rustsec/cargo-audit"."platforms.macos-arm64"]
checksum = "sha256:847831323de932155b226ab60ee4a180e13e5d007a019f0d4b7b4d89a6de2ab2"
url = "https://github.com/rustsec/rustsec/releases/download/cargo-audit/v0.22.2/cargo-audit-x86_64-apple-darwin-v0.22.2.tgz"
url_api = "https://api.github.com/repos/rustsec/rustsec/releases/assets/439292734"

[tools."aqua:rustsec/rustsec/cargo-audit"."platforms.macos-x64"]
checksum = "sha256:847831323de932155b226ab60ee4a180e13e5d007a019f0d4b7b4d89a6de2ab2"
url = "https://github.com/rustsec/rustsec/releases/download/cargo-audit/v0.22.2/cargo-audit-x86_64-apple-darwin-v0.22.2.tgz"
url_api = "https://api.github.com/repos/rustsec/rustsec/releases/assets/439292734"

[tools."aqua:rustsec/rustsec/cargo-audit"."platforms.windows-x64"]
checksum = "sha256:0a7316540862c13d954f648917ceacca593747baed6eec180fafa590be2710ab"
url = "https://github.com/rustsec/rustsec/releases/download/cargo-audit/v0.22.2/cargo-audit-x86_64-pc-windows-msvc-v0.22.2.zip"
url_api = "https://api.github.com/repos/rustsec/rustsec/releases/assets/439294720"

[[tools."asdf:NeoHsu/asdf-hugo"]]
version = "extended-0.163.3"
backend = "asdf:NeoHsu/asdf-hugo"

[[tools.ast-grep]]
version = "0.44.1"
backend = "aqua:ast-grep/ast-grep"

[tools.ast-grep."platforms.linux-arm64"]
checksum = "sha256:077a4ab0c628154ef3cb79fecaf11dabca7f8a41f2c7260c022f263a52c1b021"
url = "https://github.com/ast-grep/ast-grep/releases/download/0.44.1/app-aarch64-unknown-linux-gnu.zip"
url_api = "https://api.github.com/repos/ast-grep/ast-grep/releases/assets/466368205"

[tools.ast-grep."platforms.linux-x64"]
checksum = "sha256:611f9e5e76f2611ecea1a35dd3468ceedf600641a11224b80341d79c6ee7b9dd"
url = "https://github.com/ast-grep/ast-grep/releases/download/0.44.1/app-x86_64-unknown-linux-gnu.zip"
url_api = "https://api.github.com/repos/ast-grep/ast-grep/releases/assets/466366790"

[tools.ast-grep."platforms.macos-arm64"]
checksum = "sha256:0a2fef273b0ff1238b8307add911714f92021d25b919fa3ec9b6b2e046bb29cf"
url = "https://github.com/ast-grep/ast-grep/releases/download/0.44.1/app-aarch64-apple-darwin.zip"
url_api = "https://api.github.com/repos/ast-grep/ast-grep/releases/assets/466368358"

[tools.ast-grep."platforms.macos-x64"]
checksum = "sha256:46584f3e4f67e9ae482de69e71e4e4aa88e68da322316fdd25ad73f2621ddbc5"
url = "https://github.com/ast-grep/ast-grep/releases/download/0.44.1/app-x86_64-apple-darwin.zip"
url_api = "https://api.github.com/repos/ast-grep/ast-grep/releases/assets/466366771"

[tools.ast-grep."platforms.windows-x64"]
checksum = "sha256:f122d5507e5206c3a9f030fc3a0d137070eb6c4f708e1b496df56795bc9858b9"
url = "https://github.com/ast-grep/ast-grep/releases/download/0.44.1/app-x86_64-pc-windows-msvc.zip"
url_api = "https://api.github.com/repos/ast-grep/ast-grep/releases/assets/466370609"

[[tools."github:est31/cargo-udeps"]]
version = "0.1.61"
backend = "github:est31/cargo-udeps"

[tools."github:est31/cargo-udeps"."platforms.linux-arm64"]
checksum = "sha256:e59b967cfd4ee60fda5bc615f96e6702fde22641282decce662a6ba4e6d4b843"
url = "https://github.com/est31/cargo-udeps/releases/download/v0.1.61/cargo-udeps-v0.1.61-aarch64-unknown-linux-gnu.tar.gz"
url_api = "https://api.github.com/repos/est31/cargo-udeps/releases/assets/407801768"

[tools."github:est31/cargo-udeps"."platforms.linux-arm64-musl"]
checksum = "sha256:d257553c03b36d2ee7e8028d622c80b1244fc512fabb2de058c1e0ceeb92169b"
url = "https://github.com/est31/cargo-udeps/releases/download/v0.1.61/cargo-udeps-v0.1.61-aarch64-unknown-linux-musl.tar.gz"
url_api = "https://api.github.com/repos/est31/cargo-udeps/releases/assets/407801801"

[tools."github:est31/cargo-udeps"."platforms.linux-x64"]
checksum = "sha256:458419d47f48bc177e9b895b06abdccb08613f8a2d1b6eaf1729e968c041e03b"
url = "https://github.com/est31/cargo-udeps/releases/download/v0.1.61/cargo-udeps-v0.1.61-x86_64-unknown-linux-gnu.tar.gz"
url_api = "https://api.github.com/repos/est31/cargo-udeps/releases/assets/407801002"

[tools."github:est31/cargo-udeps"."platforms.linux-x64-musl"]
checksum = "sha256:27031ca3902390a1d793901d17ec073ac85297ab3477b13faea984e4c97de479"
url = "https://github.com/est31/cargo-udeps/releases/download/v0.1.61/cargo-udeps-v0.1.61-x86_64-unknown-linux-musl.tar.gz"
url_api = "https://api.github.com/repos/est31/cargo-udeps/releases/assets/407802602"

[tools."github:est31/cargo-udeps"."platforms.macos-arm64"]
checksum = "sha256:0ca49f226c268ff3f7d65e82dd471900b962e4dcb3e75793558e5f4287be2011"
url = "https://github.com/est31/cargo-udeps/releases/download/v0.1.61/cargo-udeps-v0.1.61-aarch64-apple-darwin.tar.gz"
url_api = "https://api.github.com/repos/est31/cargo-udeps/releases/assets/407800985"

[tools."github:est31/cargo-udeps"."platforms.macos-x64"]
checksum = "sha256:0840c47e3ac640db8cf1ac9136c7a133eff68f07753a8a450363b95124d0ee34"
url = "https://github.com/est31/cargo-udeps/releases/download/v0.1.61/cargo-udeps-v0.1.61-x86_64-apple-darwin.tar.gz"
url_api = "https://api.github.com/repos/est31/cargo-udeps/releases/assets/407802892"

[tools."github:est31/cargo-udeps"."platforms.windows-x64"]
checksum = "sha256:6920b6f493f0c13a28e32522ccb7efffcc57c8849d887366b19c599dc2238cc0"
url = "https://github.com/est31/cargo-udeps/releases/download/v0.1.61/cargo-udeps-v0.1.61-x86_64-pc-windows-msvc.zip"
url_api = "https://api.github.com/repos/est31/cargo-udeps/releases/assets/407804338"

[[tools."github:romnn/cargo-feature-combinations"]]
version = "0.3.0"
backend = "github:romnn/cargo-feature-combinations"

[tools."github:romnn/cargo-feature-combinations".options]
matching = "cargo-fc"

[tools."github:romnn/cargo-feature-combinations"."platforms.linux-arm64"]
checksum = "sha256:fa662dd648fdbb15d29a488c1d1f2eb41008bc15510c1db51d41da48129294c9"
url = "https://github.com/romnn/cargo-feature-combinations/releases/download/v0.3.0/cargo-fc_0.3.0_linux_arm64.tar.gz"
url_api = "https://api.github.com/repos/romnn/cargo-feature-combinations/releases/assets/469739163"

[tools."github:romnn/cargo-feature-combinations"."platforms.linux-arm64-musl"]
checksum = "sha256:fa662dd648fdbb15d29a488c1d1f2eb41008bc15510c1db51d41da48129294c9"
url = "https://github.com/romnn/cargo-feature-combinations/releases/download/v0.3.0/cargo-fc_0.3.0_linux_arm64.tar.gz"
url_api = "https://api.github.com/repos/romnn/cargo-feature-combinations/releases/assets/469739163"

[tools."github:romnn/cargo-feature-combinations"."platforms.linux-x64"]
checksum = "sha256:bb639219bf36c2ebba4bec6b97023e8cde20545059bceadeb7556675a3bd83d5"
url = "https://github.com/romnn/cargo-feature-combinations/releases/download/v0.3.0/cargo-fc_0.3.0_linux_amd64.tar.gz"
url_api = "https://api.github.com/repos/romnn/cargo-feature-combinations/releases/assets/469739164"

[tools."github:romnn/cargo-feature-combinations"."platforms.linux-x64-musl"]
checksum = "sha256:bb639219bf36c2ebba4bec6b97023e8cde20545059bceadeb7556675a3bd83d5"
url = "https://github.com/romnn/cargo-feature-combinations/releases/download/v0.3.0/cargo-fc_0.3.0_linux_amd64.tar.gz"
url_api = "https://api.github.com/repos/romnn/cargo-feature-combinations/releases/assets/469739164"

[tools."github:romnn/cargo-feature-combinations"."platforms.macos-arm64"]
checksum = "sha256:a34bfe2bc4f648bfb0c2b89b050f486b3795165ede388d8d3939286ae24eeaf5"
url = "https://github.com/romnn/cargo-feature-combinations/releases/download/v0.3.0/cargo-fc_0.3.0_darwin_arm64.tar.gz"
url_api = "https://api.github.com/repos/romnn/cargo-feature-combinations/releases/assets/469739148"

[tools."github:romnn/cargo-feature-combinations"."platforms.macos-x64"]
checksum = "sha256:db4fc8c42c294071a67d1b8c51bf47ce3734a16e5d2325e1a385ed30ca8e0a30"
url = "https://github.com/romnn/cargo-feature-combinations/releases/download/v0.3.0/cargo-fc_0.3.0_darwin_amd64.tar.gz"
url_api = "https://api.github.com/repos/romnn/cargo-feature-combinations/releases/assets/469739155"

[tools."github:romnn/cargo-feature-combinations"."platforms.windows-x64"]
checksum = "sha256:59a4c8d3b95155f422aedbd429acae0ac27dbe4dde1d86f92c227b02e9526fd9"
url = "https://github.com/romnn/cargo-feature-combinations/releases/download/v0.3.0/cargo-fc_0.3.0_windows_amd64.zip"
url_api = "https://api.github.com/repos/romnn/cargo-feature-combinations/releases/assets/469739156"

[[tools."github:romnn/cargo-watchdoc"]]
version = "0.3.10"
backend = "github:romnn/cargo-watchdoc"

[tools."github:romnn/cargo-watchdoc"."platforms.linux-arm64"]
checksum = "sha256:0daf3e1d18f370b57e0146e8b84b85fa756821ac22c686b27e5353f1ac87d2cd"
url = "https://github.com/romnn/cargo-watchdoc/releases/download/v0.3.10/cargo-watchdoc_0.3.10_linux_arm64.tar.gz"
url_api = "https://api.github.com/repos/romnn/cargo-watchdoc/releases/assets/392595132"

[tools."github:romnn/cargo-watchdoc"."platforms.linux-arm64-musl"]
checksum = "sha256:0daf3e1d18f370b57e0146e8b84b85fa756821ac22c686b27e5353f1ac87d2cd"
url = "https://github.com/romnn/cargo-watchdoc/releases/download/v0.3.10/cargo-watchdoc_0.3.10_linux_arm64.tar.gz"
url_api = "https://api.github.com/repos/romnn/cargo-watchdoc/releases/assets/392595132"

[tools."github:romnn/cargo-watchdoc"."platforms.linux-x64"]
checksum = "sha256:624eeaf0b813b9add77b18058f3768b0e3f5b516d7c7fceddd37f229b01b4094"
url = "https://github.com/romnn/cargo-watchdoc/releases/download/v0.3.10/cargo-watchdoc_0.3.10_linux_amd64.tar.gz"
url_api = "https://api.github.com/repos/romnn/cargo-watchdoc/releases/assets/392595133"

[tools."github:romnn/cargo-watchdoc"."platforms.linux-x64-musl"]
checksum = "sha256:624eeaf0b813b9add77b18058f3768b0e3f5b516d7c7fceddd37f229b01b4094"
url = "https://github.com/romnn/cargo-watchdoc/releases/download/v0.3.10/cargo-watchdoc_0.3.10_linux_amd64.tar.gz"
url_api = "https://api.github.com/repos/romnn/cargo-watchdoc/releases/assets/392595133"

[tools."github:romnn/cargo-watchdoc"."platforms.macos-arm64"]
checksum = "sha256:8e1eb7d6304257b570e105462cb46a035c59f6945dabbaf1748c84e4e6a34a18"
url = "https://github.com/romnn/cargo-watchdoc/releases/download/v0.3.10/cargo-watchdoc_0.3.10_darwin_arm64.tar.gz"
url_api = "https://api.github.com/repos/romnn/cargo-watchdoc/releases/assets/392595139"

[tools."github:romnn/cargo-watchdoc"."platforms.macos-x64"]
checksum = "sha256:782f7dc232cc95a6f8b77eb7ae6f76b1abc4ad36b22754a9f75d4dcb85cf44e0"
url = "https://github.com/romnn/cargo-watchdoc/releases/download/v0.3.10/cargo-watchdoc_0.3.10_darwin_amd64.tar.gz"
url_api = "https://api.github.com/repos/romnn/cargo-watchdoc/releases/assets/392595137"

[tools."github:romnn/cargo-watchdoc"."platforms.windows-x64"]
checksum = "sha256:2db675316aebe8beb3f09515765c761658c0b5e57a1b55cb25d8b348e8fdd73b"
url = "https://github.com/romnn/cargo-watchdoc/releases/download/v0.3.10/cargo-watchdoc_0.3.10_windows_amd64.zip"
url_api = "https://api.github.com/repos/romnn/cargo-watchdoc/releases/assets/392595130"

[[tools."github:romnn/cooldown"]]
version = "0.0.3"
backend = "github:romnn/cooldown"

[tools."github:romnn/cooldown"."platforms.linux-arm64"]
checksum = "sha256:223ef80855c2d86de5f6f9e6c144ccc5fc0303802c3be68c43f18b3004e93514"
url = "https://github.com/romnn/cooldown/releases/download/v0.0.3/cooldown_0.0.3_linux_arm64.tar.gz"
url_api = "https://api.github.com/repos/romnn/cooldown/releases/assets/461505485"

[tools."github:romnn/cooldown"."platforms.linux-arm64-musl"]
checksum = "sha256:223ef80855c2d86de5f6f9e6c144ccc5fc0303802c3be68c43f18b3004e93514"
url = "https://github.com/romnn/cooldown/releases/download/v0.0.3/cooldown_0.0.3_linux_arm64.tar.gz"
url_api = "https://api.github.com/repos/romnn/cooldown/releases/assets/461505485"

[tools."github:romnn/cooldown"."platforms.linux-x64"]
checksum = "sha256:5aa65e42ab9c234486c165f506faa595d8450545b8385c23bb81529df5092f90"
url = "https://github.com/romnn/cooldown/releases/download/v0.0.3/cooldown_0.0.3_linux_amd64.tar.gz"
url_api = "https://api.github.com/repos/romnn/cooldown/releases/assets/461505483"

[tools."github:romnn/cooldown"."platforms.linux-x64-musl"]
checksum = "sha256:5aa65e42ab9c234486c165f506faa595d8450545b8385c23bb81529df5092f90"
url = "https://github.com/romnn/cooldown/releases/download/v0.0.3/cooldown_0.0.3_linux_amd64.tar.gz"
url_api = "https://api.github.com/repos/romnn/cooldown/releases/assets/461505483"

[tools."github:romnn/cooldown"."platforms.macos-arm64"]
checksum = "sha256:b12678ff4bb35973a439588b875ba25cc0e21d5cc46b08eb2d71bae45af3f2b7"
url = "https://github.com/romnn/cooldown/releases/download/v0.0.3/cooldown_0.0.3_darwin_arm64.tar.gz"
url_api = "https://api.github.com/repos/romnn/cooldown/releases/assets/461505484"

[tools."github:romnn/cooldown"."platforms.macos-x64"]
checksum = "sha256:38fc4c4079510cabf3de6d722c5fe8a9a75602f42b2f9d3df61eac9ca33a3444"
url = "https://github.com/romnn/cooldown/releases/download/v0.0.3/cooldown_0.0.3_darwin_amd64.tar.gz"
url_api = "https://api.github.com/repos/romnn/cooldown/releases/assets/461505482"

[tools."github:romnn/cooldown"."platforms.windows-x64"]
checksum = "sha256:3f6cfa78109b7f3a1b8d0af70ad506c6bf06cec2651a652b36c5c0f44a986727"
url = "https://github.com/romnn/cooldown/releases/download/v0.0.3/cooldown_0.0.3_windows_amd64.zip"
url_api = "https://api.github.com/repos/romnn/cooldown/releases/assets/461505493"

[[tools."github:rust-cross/cargo-zigbuild"]]
version = "0.23.0"
backend = "github:rust-cross/cargo-zigbuild"

[tools."github:rust-cross/cargo-zigbuild"."platforms.linux-arm64"]
checksum = "sha256:5917d5416884cba0f23c2653016f7f2df2ec04e74eb6b259598fecc066f8c429"
url = "https://github.com/rust-cross/cargo-zigbuild/releases/download/v0.23.0/cargo-zigbuild-aarch64-unknown-linux-gnu.tar.xz"
url_api = "https://api.github.com/repos/rust-cross/cargo-zigbuild/releases/assets/450974332"

[tools."github:rust-cross/cargo-zigbuild"."platforms.linux-arm64-musl"]
checksum = "sha256:5917d5416884cba0f23c2653016f7f2df2ec04e74eb6b259598fecc066f8c429"
url = "https://github.com/rust-cross/cargo-zigbuild/releases/download/v0.23.0/cargo-zigbuild-aarch64-unknown-linux-gnu.tar.xz"
url_api = "https://api.github.com/repos/rust-cross/cargo-zigbuild/releases/assets/450974332"

[tools."github:rust-cross/cargo-zigbuild"."platforms.linux-x64"]
checksum = "sha256:c636e4f72b6f40a40ddf0414c8c6056f78b87eea3be0edf01f08d65fa028a373"
url = "https://github.com/rust-cross/cargo-zigbuild/releases/download/v0.23.0/cargo-zigbuild-x86_64-unknown-linux-gnu.tar.xz"
url_api = "https://api.github.com/repos/rust-cross/cargo-zigbuild/releases/assets/450974354"

[tools."github:rust-cross/cargo-zigbuild"."platforms.linux-x64-musl"]
checksum = "sha256:f0aa9cc8220a84788c6e4a9b6d80422f041659227b680fdef982d5a8ddffddb4"
url = "https://github.com/rust-cross/cargo-zigbuild/releases/download/v0.23.0/cargo-zigbuild-x86_64-unknown-linux-musl.tar.xz"
url_api = "https://api.github.com/repos/rust-cross/cargo-zigbuild/releases/assets/450974357"

[tools."github:rust-cross/cargo-zigbuild"."platforms.macos-arm64"]
checksum = "sha256:3d8f1ad296d3f3e97122607f7c972393c6329801027acb71bb7d17a4e30ef092"
url = "https://github.com/rust-cross/cargo-zigbuild/releases/download/v0.23.0/cargo-zigbuild-aarch64-apple-darwin.tar.xz"
url_api = "https://api.github.com/repos/rust-cross/cargo-zigbuild/releases/assets/450974334"

[tools."github:rust-cross/cargo-zigbuild"."platforms.macos-x64"]
checksum = "sha256:f8c746d12dfae79ac0704c5aa13631a05b24c3e4ee7216eb40f70943bd8ca7b1"
url = "https://github.com/rust-cross/cargo-zigbuild/releases/download/v0.23.0/cargo-zigbuild-x86_64-apple-darwin.tar.xz"
url_api = "https://api.github.com/repos/rust-cross/cargo-zigbuild/releases/assets/450974346"

[tools."github:rust-cross/cargo-zigbuild"."platforms.windows-x64"]
checksum = "sha256:82ff1207be9e9533267b83dbe33d0b16b30043f116dc336d9a526667fa27622a"
url = "https://github.com/rust-cross/cargo-zigbuild/releases/download/v0.23.0/cargo-zigbuild-x86_64-pc-windows-msvc.zip"
url_api = "https://api.github.com/repos/rust-cross/cargo-zigbuild/releases/assets/450974351"

[[tools.go]]
version = "1.26.5"
backend = "core:go"

[tools.go."platforms.linux-arm64"]
checksum = "sha256:fe4789e92b1f33358680864bbe8704289e7bb5fc207d80623c308935bd696d49"
url = "https://dl.google.com/go/go1.26.5.linux-arm64.tar.gz"

[tools.go."platforms.linux-arm64-musl"]
checksum = "sha256:fe4789e92b1f33358680864bbe8704289e7bb5fc207d80623c308935bd696d49"
url = "https://dl.google.com/go/go1.26.5.linux-arm64.tar.gz"

[tools.go."platforms.linux-x64"]
checksum = "sha256:5c2c3b16caefa1d968a94c1daca04a7ca301a496d9b086e17ad77bb81393f053"
url = "https://dl.google.com/go/go1.26.5.linux-amd64.tar.gz"

[tools.go."platforms.linux-x64-musl"]
checksum = "sha256:5c2c3b16caefa1d968a94c1daca04a7ca301a496d9b086e17ad77bb81393f053"
url = "https://dl.google.com/go/go1.26.5.linux-amd64.tar.gz"

[tools.go."platforms.macos-arm64"]
checksum = "sha256:efb87ff28af9a188d0536ef5d42e63dd52ba8263cd7344a993cc48dd11dedb6a"
url = "https://dl.google.com/go/go1.26.5.darwin-arm64.tar.gz"

[tools.go."platforms.macos-x64"]
checksum = "sha256:6231d8d3b8f5552ec6cbf6d685bdd5482e1e703214b120e89b3bf0d7bf1ef725"
url = "https://dl.google.com/go/go1.26.5.darwin-amd64.tar.gz"

[tools.go."platforms.windows-x64"]
checksum = "sha256:97e6b2a833b6d89f9ff17d25419ac0a7e3b482a044e9ab18cdef834bd834fd38"
url = "https://dl.google.com/go/go1.26.5.windows-amd64.zip"

[[tools."go:github.com/buildkite/terminal-to-html/v3/cmd/terminal-to-html"]]
version = "3.17.1"
backend = "go:github.com/buildkite/terminal-to-html/v3/cmd/terminal-to-html"

[[tools.goreleaser]]
version = "2.17.0"
backend = "aqua:goreleaser/goreleaser"

[tools.goreleaser."platforms.linux-arm64"]
checksum = "sha256:75f93fc0e25d10d8535ffd0e4abcf39d6784a2467ba453d479ae513729a9ebbf"
url = "https://github.com/goreleaser/goreleaser/releases/download/v2.17.0/goreleaser_Linux_arm64.tar.gz"
url_api = "https://api.github.com/repos/goreleaser/goreleaser/releases/assets/466714135"
provenance = "github-attestations"

[tools.goreleaser."platforms.linux-arm64-musl"]
checksum = "sha256:75f93fc0e25d10d8535ffd0e4abcf39d6784a2467ba453d479ae513729a9ebbf"
url = "https://github.com/goreleaser/goreleaser/releases/download/v2.17.0/goreleaser_Linux_arm64.tar.gz"
url_api = "https://api.github.com/repos/goreleaser/goreleaser/releases/assets/466714135"
provenance = "github-attestations"

[tools.goreleaser."platforms.linux-x64"]
checksum = "sha256:dde10e2d5a13cef969c0eec00c74f359c0ac306d702b1bd291ad9337b4e54c1d"
url = "https://github.com/goreleaser/goreleaser/releases/download/v2.17.0/goreleaser_Linux_x86_64.tar.gz"
url_api = "https://api.github.com/repos/goreleaser/goreleaser/releases/assets/466714136"
provenance = "github-attestations"

[tools.goreleaser."platforms.linux-x64-musl"]
checksum = "sha256:dde10e2d5a13cef969c0eec00c74f359c0ac306d702b1bd291ad9337b4e54c1d"
url = "https://github.com/goreleaser/goreleaser/releases/download/v2.17.0/goreleaser_Linux_x86_64.tar.gz"
url_api = "https://api.github.com/repos/goreleaser/goreleaser/releases/assets/466714136"
provenance = "github-attestations"

[tools.goreleaser."platforms.macos-arm64"]
checksum = "sha256:4106ff54bcaa1d387d3317047169da28aed6ce36c8e035e76cf35ba349db06ef"
url = "https://github.com/goreleaser/goreleaser/releases/download/v2.17.0/goreleaser_Darwin_all.tar.gz"
url_api = "https://api.github.com/repos/goreleaser/goreleaser/releases/assets/466714160"
provenance = "github-attestations"

[tools.goreleaser."platforms.macos-x64"]
checksum = "sha256:4106ff54bcaa1d387d3317047169da28aed6ce36c8e035e76cf35ba349db06ef"
url = "https://github.com/goreleaser/goreleaser/releases/download/v2.17.0/goreleaser_Darwin_all.tar.gz"
url_api = "https://api.github.com/repos/goreleaser/goreleaser/releases/assets/466714160"
provenance = "github-attestations"

[tools.goreleaser."platforms.windows-x64"]
checksum = "sha256:427f2928d798f9affa5ddd2412e354f90ecf9e2ba541b3e0767570eb1121482b"
url = "https://github.com/goreleaser/goreleaser/releases/download/v2.17.0/goreleaser_Windows_x86_64.zip"
url_api = "https://api.github.com/repos/goreleaser/goreleaser/releases/assets/466714129"
provenance = "github-attestations"

[[tools.task]]
version = "3.52.0"
backend = "aqua:go-task/task"

[tools.task."platforms.linux-arm64"]
checksum = "sha256:7e0044108830cec0534577b289564e3b7c83e6df276feb631a1edc63d04e4ebe"
url = "https://github.com/go-task/task/releases/download/v3.52.0/task_linux_arm64.tar.gz"
url_api = "https://api.github.com/repos/go-task/task/releases/assets/464613352"

[tools.task."platforms.linux-arm64-musl"]
checksum = "sha256:7e0044108830cec0534577b289564e3b7c83e6df276feb631a1edc63d04e4ebe"
url = "https://github.com/go-task/task/releases/download/v3.52.0/task_linux_arm64.tar.gz"
url_api = "https://api.github.com/repos/go-task/task/releases/assets/464613352"

[tools.task."platforms.linux-x64"]
checksum = "sha256:02c679ffae53dca791804847d78b31731615894e292948397c971c87ac9e95bd"
url = "https://github.com/go-task/task/releases/download/v3.52.0/task_linux_amd64.tar.gz"
url_api = "https://api.github.com/repos/go-task/task/releases/assets/464613330"

[tools.task."platforms.linux-x64-musl"]
checksum = "sha256:02c679ffae53dca791804847d78b31731615894e292948397c971c87ac9e95bd"
url = "https://github.com/go-task/task/releases/download/v3.52.0/task_linux_amd64.tar.gz"
url_api = "https://api.github.com/repos/go-task/task/releases/assets/464613330"

[tools.task."platforms.macos-arm64"]
checksum = "sha256:debfa9a3bc06fcb5d5550b44725ecd22bb305499ce057bd6d7a774db5cdaa7b8"
url = "https://github.com/go-task/task/releases/download/v3.52.0/task_darwin_arm64.tar.gz"
url_api = "https://api.github.com/repos/go-task/task/releases/assets/464613319"

[tools.task."platforms.macos-x64"]
checksum = "sha256:416348147bc2f1c729417249d932add7894fb01a126128778195942c249d7c0b"
url = "https://github.com/go-task/task/releases/download/v3.52.0/task_darwin_amd64.tar.gz"
url_api = "https://api.github.com/repos/go-task/task/releases/assets/464613314"

[tools.task."platforms.windows-x64"]
checksum = "sha256:e3bd4439b445f4f135758a2666ec8b33ccde789f7f615309c58f116b0e566e79"
url = "https://github.com/go-task/task/releases/download/v3.52.0/task_windows_amd64.zip"
url_api = "https://api.github.com/repos/go-task/task/releases/assets/464613286"

[[tools.typos]]
version = "1.48.0"
backend = "aqua:crate-ci/typos"

[tools.typos."platforms.linux-arm64"]
checksum = "sha256:2960ae07bc1ffe19e4895e4359394dd349c9c31de78aac3a124b6e4aeb206698"
url = "https://github.com/crate-ci/typos/releases/download/v1.48.0/typos-v1.48.0-aarch64-unknown-linux-musl.tar.gz"
url_api = "https://api.github.com/repos/crate-ci/typos/releases/assets/462429655"

[tools.typos."platforms.linux-arm64-musl"]
checksum = "sha256:2960ae07bc1ffe19e4895e4359394dd349c9c31de78aac3a124b6e4aeb206698"
url = "https://github.com/crate-ci/typos/releases/download/v1.48.0/typos-v1.48.0-aarch64-unknown-linux-musl.tar.gz"
url_api = "https://api.github.com/repos/crate-ci/typos/releases/assets/462429655"

[tools.typos."platforms.linux-x64"]
checksum = "sha256:72a930c9a94fc3914aa56835c5b859c892a797d40c1c42638b98d93f16ff519c"
url = "https://github.com/crate-ci/typos/releases/download/v1.48.0/typos-v1.48.0-x86_64-unknown-linux-musl.tar.gz"
url_api = "https://api.github.com/repos/crate-ci/typos/releases/assets/462429902"

[tools.typos."platforms.linux-x64-musl"]
checksum = "sha256:72a930c9a94fc3914aa56835c5b859c892a797d40c1c42638b98d93f16ff519c"
url = "https://github.com/crate-ci/typos/releases/download/v1.48.0/typos-v1.48.0-x86_64-unknown-linux-musl.tar.gz"
url_api = "https://api.github.com/repos/crate-ci/typos/releases/assets/462429902"

[tools.typos."platforms.macos-arm64"]
checksum = "sha256:7dcaf386ec255995dcbaf629641f961574b7e8785203921115eab75cbf1ca107"
url = "https://github.com/crate-ci/typos/releases/download/v1.48.0/typos-v1.48.0-aarch64-apple-darwin.tar.gz"
url_api = "https://api.github.com/repos/crate-ci/typos/releases/assets/462430254"

[tools.typos."platforms.macos-x64"]
checksum = "sha256:f4335c255db3d57374484e0e96505c8910c0e2fa6d8813b15de529c98f93b1a9"
url = "https://github.com/crate-ci/typos/releases/download/v1.48.0/typos-v1.48.0-x86_64-apple-darwin.tar.gz"
url_api = "https://api.github.com/repos/crate-ci/typos/releases/assets/462431306"

[tools.typos."platforms.windows-x64"]
checksum = "sha256:ce018a2352da7c1b23bd2684019ee279d2080dc063087020e80c1247d11b0743"
url = "https://github.com/crate-ci/typos/releases/download/v1.48.0/typos-v1.48.0-x86_64-pc-windows-msvc.zip"
url_api = "https://api.github.com/repos/crate-ci/typos/releases/assets/462430871"

[[tools.zig]]
version = "0.16.0"
backend = "core:zig"

[tools.zig."platforms.linux-arm64"]
checksum = "sha256:ea4b09bfb22ec6f6c6ceac57ab63efb6b46e17ab08d21f69f3a48b38e1534f17"
url = "https://ziglang.org/download/0.16.0/zig-aarch64-linux-0.16.0.tar.xz"

[tools.zig."platforms.linux-arm64-musl"]
checksum = "sha256:ea4b09bfb22ec6f6c6ceac57ab63efb6b46e17ab08d21f69f3a48b38e1534f17"
url = "https://ziglang.org/download/0.16.0/zig-aarch64-linux-0.16.0.tar.xz"

[tools.zig."platforms.linux-x64"]
checksum = "sha256:70e49664a74374b48b51e6f3fdfbf437f6395d42509050588bd49abe52ba3d00"
url = "https://ziglang.org/download/0.16.0/zig-x86_64-linux-0.16.0.tar.xz"

[tools.zig."platforms.linux-x64-musl"]
checksum = "sha256:70e49664a74374b48b51e6f3fdfbf437f6395d42509050588bd49abe52ba3d00"
url = "https://ziglang.org/download/0.16.0/zig-x86_64-linux-0.16.0.tar.xz"

[tools.zig."platforms.macos-arm64"]
checksum = "sha256:b23d70deaa879b5c2d486ed3316f7eaa53e84acf6fc9cc747de152450d401489"
url = "https://ziglang.org/download/0.16.0/zig-aarch64-macos-0.16.0.tar.xz"

[tools.zig."platforms.macos-x64"]
checksum = "sha256:0387557ed1877bc6a2e1802c8391953baddba76081876301c522f52977b52ba7"
url = "https://ziglang.org/download/0.16.0/zig-x86_64-macos-0.16.0.tar.xz"

[tools.zig."platforms.windows-x64"]
checksum = "sha256:68659eb5f1e4eb1437a722f1dd889c5a322c9954607f5edcf337bc3684a75a7e"
url = "https://ziglang.org/download/0.16.0/zig-x86_64-windows-0.16.0.zip"
