# This file is automatically @generated by Cargo.
# It is not intended for manual editing.
version = 4

[[package]]
name = "redis-backend"
version = "0.1.0"

[[package]]
name = "sled-backend"
version = "0.1.0"

[[package]]
name = "store"
version = "0.1.0"
dependencies = [
 "redis-backend",
 "sled-backend",
]
